<?xml version="1.0" encoding="utf-8"?>
<Project ToolsVersion="4.0" xmlns="http://schemas.microsoft.com/developer/msbuild/2003">
  <ItemGroup>
    <Filter Include="Fichiers sources">
      <UniqueIdentifier>{4FC737F1-C7A5-4376-A066-2A32D752A2FF}</UniqueIdentifier>
      <Extensions>cpp;c;cc;cxx;c++;cppm;ixx;def;odl;idl;hpj;bat;asm;asmx</Extensions>
    </Filter>
    <Filter Include="Fichiers d%27en-tête">
      <UniqueIdentifier>{93995380-89BD-4b04-88EB-625FBE52EBFB}</UniqueIdentifier>
      <Extensions>h;hh;hpp;hxx;h++;hm;inl;inc;ipp;xsd</Extensions>
    </Filter>
    <Filter Include="Fichiers de ressources">
      <UniqueIdentifier>{67DA6AB6-F800-4c08-8B7A-83BB121AAD01}</UniqueIdentifier>
      <Extensions>rc;ico;cur;bmp;dlg;rc2;rct;bin;rgs;gif;jpg;jpeg;jpe;resx;tiff;tif;png;wav;mfcribbon-ms</Extensions>
    </Filter>
    <Filter Include="Fichiers d%27en-tête\Core">
      <UniqueIdentifier>{6e8b26bb-cc22-45f7-b403-868ed16bd76b}</UniqueIdentifier>
    </Filter>
    <Filter Include="Fichiers d%27en-tête\Lib">
      <UniqueIdentifier>{00520601-e172-42e8-8244-870656cd362c}</UniqueIdentifier>
    </Filter>
    <Filter Include="Fichiers d%27en-tête\Screens">
      <UniqueIdentifier>{c8949f63-7826-4fbb-9980-8c28703a5580}</UniqueIdentifier>
    </Filter>
    <Filter Include="Fichiers d%27en-tête\Screens\Client">
      <UniqueIdentifier>{b3116e1f-d951-4e49-93c3-8e829e9b1b90}</UniqueIdentifier>
    </Filter>
    <Filter Include="Fichiers d%27en-tête\Screens\Currencies">
      <UniqueIdentifier>{6617f85c-8c6f-4ade-adce-3e0e13bef4f9}</UniqueIdentifier>
    </Filter>
    <Filter Include="Fichiers d%27en-tête\Screens\User">
      <UniqueIdentifier>{e7d8cb4a-b1d5-481e-b220-5534cbc969d5}</UniqueIdentifier>
    </Filter>
  </ItemGroup>
  <ItemGroup>
    <ClCompile Include="bank_Project.cpp">
      <Filter>Fichiers sources</Filter>
    </ClCompile>
    <ClCompile Include="clsUser.cpp">
      <Filter>Fichiers sources</Filter>
    </ClCompile>
  </ItemGroup>
  <ItemGroup>
    <ClInclude Include="Global.h">
      <Filter>Fichiers d%27en-tête</Filter>
    </ClInclude>
    <ClInclude Include="clsCurrency.h">
      <Filter>Fichiers d%27en-tête\Core</Filter>
    </ClInclude>
    <ClInclude Include="clsPerson.h">
      <Filter>Fichiers d%27en-tête\Core</Filter>
    </ClInclude>
    <ClInclude Include="clsBankClient.h">
      <Filter>Fichiers d%27en-tête\Core</Filter>
    </ClInclude>
    <ClInclude Include="clsUser.h">
      <Filter>Fichiers d%27en-tête\Core</Filter>
    </ClInclude>
    <ClInclude Include="clsDate.h">
      <Filter>Fichiers d%27en-tête\Lib</Filter>
    </ClInclude>
    <ClInclude Include="clsString.h">
      <Filter>Fichiers d%27en-tête\Lib</Filter>
    </ClInclude>
    <ClInclude Include="clsUtil.h">
      <Filter>Fichiers d%27en-tête\Lib</Filter>
    </ClInclude>
    <ClInclude Include="clsInputValidate.h">
      <Filter>Fichiers d%27en-tête\Lib</Filter>
    </ClInclude>
    <ClInclude Include="clsAddNewClientScreen.h">
      <Filter>Fichiers d%27en-tête\Screens\Client</Filter>
    </ClInclude>
    <ClInclude Include="clsClientListScreen.h">
      <Filter>Fichiers d%27en-tête\Screens\Client</Filter>
    </ClInclude>
    <ClInclude Include="clsFindClientScreen.h">
      <Filter>Fichiers d%27en-tête\Screens\Client</Filter>
    </ClInclude>
    <ClInclude Include="clsDeleteClientScreen.h">
      <Filter>Fichiers d%27en-tête\Screens\Client</Filter>
    </ClInclude>
    <ClInclude Include="clsDepositScreen.h">
      <Filter>Fichiers d%27en-tête\Screens\Client</Filter>
    </ClInclude>
    <ClInclude Include="clsTotalBalancesScreen.h">
      <Filter>Fichiers d%27en-tête\Screens\Client</Filter>
    </ClInclude>
    <ClInclude Include="clsTransactionsScreen.h">
      <Filter>Fichiers d%27en-tête\Screens\Client</Filter>
    </ClInclude>
    <ClInclude Include="clsTransferLog.h">
      <Filter>Fichiers d%27en-tête\Screens\Client</Filter>
    </ClInclude>
    <ClInclude Include="clsUpdateClientScreen.h">
      <Filter>Fichiers d%27en-tête\Screens\Client</Filter>
    </ClInclude>
    <ClInclude Include="clsTransferScreen.h">
      <Filter>Fichiers d%27en-tête\Screens\Client</Filter>
    </ClInclude>
    <ClInclude Include="clsAddNewUserScreen.h">
      <Filter>Fichiers d%27en-tête\Screens\User</Filter>
    </ClInclude>
    <ClInclude Include="clsWithdrawScreen.h">
      <Filter>Fichiers d%27en-tête\Screens\Client</Filter>
    </ClInclude>
    <ClInclude Include="clsCurrencyListScreen.h">
      <Filter>Fichiers d%27en-tête\Screens\Currencies</Filter>
    </ClInclude>
    <ClInclude Include="clsCalcCurrency.h">
      <Filter>Fichiers d%27en-tête\Screens\Currencies</Filter>
    </ClInclude>
    <ClInclude Include="clsCurrencyScreen.h">
      <Filter>Fichiers d%27en-tête\Screens\Currencies</Filter>
    </ClInclude>
    <ClInclude Include="clsFindCurrencyScreen.h">
      <Filter>Fichiers d%27en-tête\Screens\Currencies</Filter>
    </ClInclude>
    <ClInclude Include="clsUpdateCurrencyScreen.h">
      <Filter>Fichiers d%27en-tête\Screens\Currencies</Filter>
    </ClInclude>
    <ClInclude Include="clsCETT.h">
      <Filter>Fichiers d%27en-tête\Screens\User</Filter>
    </ClInclude>
    <ClInclude Include="clsDeleteUserScreen.h">
      <Filter>Fichiers d%27en-tête\Screens\User</Filter>
    </ClInclude>
    <ClInclude Include="clsFindUserScreen.h">
      <Filter>Fichiers d%27en-tête\Screens\User</Filter>
    </ClInclude>
    <ClInclude Include="clsListUsersScreen.h">
      <Filter>Fichiers d%27en-tête\Screens\User</Filter>
    </ClInclude>
    <ClInclude Include="clsLoginRegisterScreen.h">
      <Filter>Fichiers d%27en-tête\Screens\User</Filter>
    </ClInclude>
    <ClInclude Include="clsLoginScreen.h">
      <Filter>Fichiers d%27en-tête\Screens\User</Filter>
    </ClInclude>
    <ClInclude Include="clsManageUsersScreen.h">
      <Filter>Fichiers d%27en-tête\Screens\User</Filter>
    </ClInclude>
    <ClInclude Include="clsUpdateUserScreen.h">
      <Filter>Fichiers d%27en-tête\Screens\User</Filter>
    </ClInclude>
    <ClInclude Include="clsMainScreen.h">
      <Filter>Fichiers d%27en-tête\Screens</Filter>
    </ClInclude>
    <ClInclude Include="clsScreen.h">
      <Filter>Fichiers d%27en-tête\Screens</Filter>
    </ClInclude>
  </ItemGroup>
</Project>